
Microsoft Visual Studio Solution File, Format Version 12.00
# Visual Studio Version 16
VisualStudioVersion = 16.0.29519.181
MinimumVisualStudioVersion = 15.0.26124.0
Project("{FAE04EC0-301F-11D3-BF4B-00C04F79EFBC}") = "DxgiSample", "Samples\DxgiSample\DxgiSample.csproj", "{650DC12C-2114-419F-A842-FDD8AF7A1CBA}"
EndProject
Project("{FAE04EC0-301F-11D3-BF4B-00C04F79EFBC}") = "ClearSwapchainSample", "Samples\ClearSwapchainSample\ClearSwapchainSample.csproj", "{27D29282-A35C-4A57-A8F5-00CC6EBBFF71}"
EndProject
Project("{FAE04EC0-301F-11D3-BF4B-00C04F79EFBC}") = "D2DSample", "Samples\D2DSample\D2DSample.csproj", "{16BE38D5-DC65-4E6B-9A7A-FB1E9D8B16FA}"
EndProject
Project("{FAE04EC0-301F-11D3-BF4B-00C04F79EFBC}") = "D3D11TriangleSample", "Samples\D3D11TriangleSample\D3D11TriangleSample.csproj", "{4B459FED-F0A2-4412-9F14-F11080FCD532}"
EndProject
Project("{FAE04EC0-301F-11D3-BF4B-00C04F79EFBC}") = "ShrimpDX", "ShrimpDX\ShrimpDX.csproj", "{57835139-3FA9-4AD2-996A-FCF821EC3624}"
EndProject
Project("{2150E333-8FDC-42A3-9474-1A3956D46DE8}") = "Samples", "Samples", "{CE95F860-7011-41F6-94FE-290856EA144B}"
EndProject
Project("{FAE04EC0-301F-11D3-BF4B-00C04F79EFBC}") = "SampleLib", "Samples\SampleLib\SampleLib.csproj", "{C788562F-00EC-4A31-AEF9-3E01E39F6FE6}"
EndProject
Global
	GlobalSection(SolutionConfigurationPlatforms) = preSolution
		Debug|Any CPU = Debug|Any CPU
		Debug|x64 = Debug|x64
		Debug|x86 = Debug|x86
		Release|Any CPU = Release|Any CPU
		Release|x64 = Release|x64
		Release|x86 = Release|x86
	EndGlobalSection
	GlobalSection(ProjectConfigurationPlatforms) = postSolution
		{650DC12C-2114-419F-A842-FDD8AF7A1CBA}.Debug|Any CPU.ActiveCfg = Debug|Any CPU
		{650DC12C-2114-419F-A842-FDD8AF7A1CBA}.Debug|Any CPU.Build.0 = Debug|Any CPU
		{650DC12C-2114-419F-A842-FDD8AF7A1CBA}.Debug|x64.ActiveCfg = Debug|Any CPU
		{650DC12C-2114-419F-A842-FDD8AF7A1CBA}.Debug|x64.Build.0 = Debug|Any CPU
		{650DC12C-2114-419F-A842-FDD8AF7A1CBA}.Debug|x86.ActiveCfg = Debug|Any CPU
		{650DC12C-2114-419F-A842-FDD8AF7A1CBA}.Debug|x86.Build.0 = Debug|Any CPU
		{650DC12C-2114-419F-A842-FDD8AF7A1CBA}.Release|Any CPU.ActiveCfg = Release|Any CPU
		{650DC12C-2114-419F-A842-FDD8AF7A1CBA}.Release|Any CPU.Build.0 = Release|Any CPU
		{650DC12C-2114-419F-A842-FDD8AF7A1CBA}.Release|x64.ActiveCfg = Release|Any CPU
		{650DC12C-2114-419F-A842-FDD8AF7A1CBA}.Release|x64.Build.0 = Release|Any CPU
		{650DC12C-2114-419F-A842-FDD8AF7A1CBA}.Release|x86.ActiveCfg = Release|Any CPU
		{650DC12C-2114-419F-A842-FDD8AF7A1CBA}.Release|x86.Build.0 = Release|Any CPU
		{27D29282-A35C-4A57-A8F5-00CC6EBBFF71}.Debug|Any CPU.ActiveCfg = Debug|Any CPU
		{27D29282-A35C-4A57-A8F5-00CC6EBBFF71}.Debug|Any CPU.Build.0 = Debug|Any CPU
		{27D29282-A35C-4A57-A8F5-00CC6EBBFF71}.Debug|x64.ActiveCfg = Debug|Any CPU
		{27D29282-A35C-4A57-A8F5-00CC6EBBFF71}.Debug|x64.Build.0 = Debug|Any CPU
		{27D29282-A35C-4A57-A8F5-00CC6EBBFF71}.Debug|x86.ActiveCfg = Debug|Any CPU
		{27D29282-A35C-4A57-A8F5-00CC6EBBFF71}.Debug|x86.Build.0 = Debug|Any CPU
		{27D29282-A35C-4A57-A8F5-00CC6EBBFF71}.Release|Any CPU.ActiveCfg = Release|Any CPU
		{27D29282-A35C-4A57-A8F5-00CC6EBBFF71}.Release|Any CPU.Build.0 = Release|Any CPU
		{27D29282-A35C-4A57-A8F5-00CC6EBBFF71}.Release|x64.ActiveCfg = Release|Any CPU
		{27D29282-A35C-4A57-A8F5-00CC6EBBFF71}.Release|x64.Build.0 = Release|Any CPU
		{27D29282-A35C-4A57-A8F5-00CC6EBBFF71}.Release|x86.ActiveCfg = Release|Any CPU
		{27D29282-A35C-4A57-A8F5-00CC6EBBFF71}.Release|x86.Build.0 = Release|Any CPU
		{16BE38D5-DC65-4E6B-9A7A-FB1E9D8B16FA}.Debug|Any CPU.ActiveCfg = Debug|Any CPU
		{16BE38D5-DC65-4E6B-9A7A-FB1E9D8B16FA}.Debug|Any CPU.Build.0 = Debug|Any CPU
		{16BE38D5-DC65-4E6B-9A7A-FB1E9D8B16FA}.Debug|x64.ActiveCfg = Debug|Any CPU
		{16BE38D5-DC65-4E6B-9A7A-FB1E9D8B16FA}.Debug|x64.Build.0 = Debug|Any CPU
		{16BE38D5-DC65-4E6B-9A7A-FB1E9D8B16FA}.Debug|x86.ActiveCfg = Debug|Any CPU
		{16BE38D5-DC65-4E6B-9A7A-FB1E9D8B16FA}.Debug|x86.Build.0 = Debug|Any CPU
		{16BE38D5-DC65-4E6B-9A7A-FB1E9D8B16FA}.Release|Any CPU.ActiveCfg = Release|Any CPU
		{16BE38D5-DC65-4E6B-9A7A-FB1E9D8B16FA}.Release|Any CPU.Build.0 = Release|Any CPU
		{16BE38D5-DC65-4E6B-9A7A-FB1E9D8B16FA}.Release|x64.ActiveCfg = Release|Any CPU
		{16BE38D5-DC65-4E6B-9A7A-FB1E9D8B16FA}.Release|x64.Build.0 = Release|Any CPU
		{16BE38D5-DC65-4E6B-9A7A-FB1E9D8B16FA}.Release|x86.ActiveCfg = Release|Any CPU
		{16BE38D5-DC65-4E6B-9A7A-FB1E9D8B16FA}.Release|x86.Build.0 = Release|Any CPU
		{4B459FED-F0A2-4412-9F14-F11080FCD532}.Debug|Any CPU.ActiveCfg = Debug|Any CPU
		{4B459FED-F0A2-4412-9F14-F11080FCD532}.Debug|Any CPU.Build.0 = Debug|Any CPU
		{4B459FED-F0A2-4412-9F14-F11080FCD532}.Debug|x64.ActiveCfg = Debug|Any CPU
		{4B459FED-F0A2-4412-9F14-F11080FCD532}.Debug|x64.Build.0 = Debug|Any CPU
		{4B459FED-F0A2-4412-9F14-F11080FCD532}.Debug|x86.ActiveCfg = Debug|Any CPU
		{4B459FED-F0A2-4412-9F14-F11080FCD532}.Debug|x86.Build.0 = Debug|Any CPU
		{4B459FED-F0A2-4412-9F14-F11080FCD532}.Release|Any CPU.ActiveCfg = Release|Any CPU
		{4B459FED-F0A2-4412-9F14-F11080FCD532}.Release|Any CPU.Build.0 = Release|Any CPU
		{4B459FED-F0A2-4412-9F14-F11080FCD532}.Release|x64.ActiveCfg = Release|Any CPU
		{4B459FED-F0A2-4412-9F14-F11080FCD532}.Release|x64.Build.0 = Release|Any CPU
		{4B459FED-F0A2-4412-9F14-F11080FCD532}.Release|x86.ActiveCfg = Release|Any CPU
		{4B459FED-F0A2-4412-9F14-F11080FCD532}.Release|x86.Build.0 = Release|Any CPU
		{57835139-3FA9-4AD2-996A-FCF821EC3624}.Debug|Any CPU.ActiveCfg = Debug|Any CPU
		{57835139-3FA9-4AD2-996A-FCF821EC3624}.Debug|Any CPU.Build.0 = Debug|Any CPU
		{57835139-3FA9-4AD2-996A-FCF821EC3624}.Debug|x64.ActiveCfg = Debug|Any CPU
		{57835139-3FA9-4AD2-996A-FCF821EC3624}.Debug|x64.Build.0 = Debug|Any CPU
		{57835139-3FA9-4AD2-996A-FCF821EC3624}.Debug|x86.ActiveCfg = Debug|Any CPU
		{57835139-3FA9-4AD2-996A-FCF821EC3624}.Debug|x86.Build.0 = Debug|Any CPU
		{57835139-3FA9-4AD2-996A-FCF821EC3624}.Release|Any CPU.ActiveCfg = Release|Any CPU
		{57835139-3FA9-4AD2-996A-FCF821EC3624}.Release|Any CPU.Build.0 = Release|Any CPU
		{57835139-3FA9-4AD2-996A-FCF821EC3624}.Release|x64.ActiveCfg = Release|Any CPU
		{57835139-3FA9-4AD2-996A-FCF821EC3624}.Release|x64.Build.0 = Release|Any CPU
		{57835139-3FA9-4AD2-996A-FCF821EC3624}.Release|x86.ActiveCfg = Release|Any CPU
		{57835139-3FA9-4AD2-996A-FCF821EC3624}.Release|x86.Build.0 = Release|Any CPU
		{C788562F-00EC-4A31-AEF9-3E01E39F6FE6}.Debug|Any CPU.ActiveCfg = Debug|Any CPU
		{C788562F-00EC-4A31-AEF9-3E01E39F6FE6}.Debug|Any CPU.Build.0 = Debug|Any CPU
		{C788562F-00EC-4A31-AEF9-3E01E39F6FE6}.Debug|x64.ActiveCfg = Debug|Any CPU
		{C788562F-00EC-4A31-AEF9-3E01E39F6FE6}.Debug|x64.Build.0 = Debug|Any CPU
		{C788562F-00EC-4A31-AEF9-3E01E39F6FE6}.Debug|x86.ActiveCfg = Debug|Any CPU
		{C788562F-00EC-4A31-AEF9-3E01E39F6FE6}.Debug|x86.Build.0 = Debug|Any CPU
		{C788562F-00EC-4A31-AEF9-3E01E39F6FE6}.Release|Any CPU.ActiveCfg = Release|Any CPU
		{C788562F-00EC-4A31-AEF9-3E01E39F6FE6}.Release|Any CPU.Build.0 = Release|Any CPU
		{C788562F-00EC-4A31-AEF9-3E01E39F6FE6}.Release|x64.ActiveCfg = Release|Any CPU
		{C788562F-00EC-4A31-AEF9-3E01E39F6FE6}.Release|x64.Build.0 = Release|Any CPU
		{C788562F-00EC-4A31-AEF9-3E01E39F6FE6}.Release|x86.ActiveCfg = Release|Any CPU
		{C788562F-00EC-4A31-AEF9-3E01E39F6FE6}.Release|x86.Build.0 = Release|Any CPU
	EndGlobalSection
	GlobalSection(SolutionProperties) = preSolution
		HideSolutionNode = FALSE
	EndGlobalSection
	GlobalSection(ExtensibilityGlobals) = postSolution
		SolutionGuid = {562DB9B6-E87A-42B2-A42D-AA90C7339BD4}
	EndGlobalSection
	GlobalSection(NestedProjects) = preSolution
		{C788562F-00EC-4A31-AEF9-3E01E39F6FE6} = {CE95F860-7011-41F6-94FE-290856EA144B}
	EndGlobalSection
EndGlobal
